// !$*UTF8*$!
{
	archiveVersion = 1;
	classes = {};
	objectVersion = 77;
	objects = {

/* Begin PBXBuildFile section */
		A10000000000000000000001 /* Supabase in Frameworks */ = {isa = PBXBuildFile; productRef = A10000000000000000000002 /* Supabase */; };
/* End PBXBuildFile section */

/* Begin PBXFileReference section */
		A10000000000000000000003 /* FishingIntelligence.app */ = {isa = PBXFileReference; explicitFileType = wrapper.application; includeInIndex = 0; path = FishingIntelligence.app; sourceTree = BUILT_PRODUCTS_DIR; };
		A10000000000000000000004 /* FishingIntelligenceTests.xctest */ = {isa = PBXFileReference; explicitFileType = wrapper.cfbundle; includeInIndex = 0; path = FishingIntelligenceTests.xctest; sourceTree = BUILT_PRODUCTS_DIR; };
/* End PBXFileReference section */

/* Begin PBXFileSystemSynchronizedRootGroup section */
		A10000000000000000000005 /* FishingIntelligence */ = {
			isa = PBXFileSystemSynchronizedRootGroup;
			path = FishingIntelligence;
			sourceTree = "<group>";
		};
		A10000000000000000000006 /* FishingIntelligenceTests */ = {
			isa = PBXFileSystemSynchronizedRootGroup;
			path = FishingIntelligenceTests;
			sourceTree = "<group>";
		};
/* End PBXFileSystemSynchronizedRootGroup section */

/* Begin PBXFrameworksBuildPhase section */
		A10000000000000000000007 /* Frameworks */ = {
			isa = PBXFrameworksBuildPhase;
			buildActionMask = 2147483647;
			files = (A10000000000000000000001 /* Supabase in Frameworks */, );
			runOnlyForDeploymentPostprocessing = 0;
		};
		A10000000000000000000008 /* Frameworks */ = {
			isa = PBXFrameworksBuildPhase;
			buildActionMask = 2147483647;
			files = ();
			runOnlyForDeploymentPostprocessing = 0;
		};
/* End PBXFrameworksBuildPhase section */

/* Begin PBXGroup section */
		A10000000000000000000009 = {
			isa = PBXGroup;
			children = (
				A10000000000000000000005 /* FishingIntelligence */,
				A10000000000000000000006 /* FishingIntelligenceTests */,
				A1000000000000000000000A /* Products */,
			);
			sourceTree = "<group>";
		};
		A1000000000000000000000A /* Products */ = {
			isa = PBXGroup;
			children = (
				A10000000000000000000003 /* FishingIntelligence.app */,
				A10000000000000000000004 /* FishingIntelligenceTests.xctest */,
			);
			name = Products;
			sourceTree = "<group>";
		};
/* End PBXGroup section */

/* Begin PBXNativeTarget section */
		A1000000000000000000000B /* FishingIntelligence */ = {
			isa = PBXNativeTarget;
			buildConfigurationList = A1000000000000000000000C /* Build configuration list for PBXNativeTarget "FishingIntelligence" */;
			buildPhases = (
				A1000000000000000000000D /* Sources */,
				A10000000000000000000007 /* Frameworks */,
				A1000000000000000000000E /* Resources */,
			);
			buildRules = ();
			dependencies = ();
			fileSystemSynchronizedGroups = (A10000000000000000000005 /* FishingIntelligence */, );
			name = FishingIntelligence;
			packageProductDependencies = (A10000000000000000000002 /* Supabase */, );
			productName = FishingIntelligence;
			productReference = A10000000000000000000003 /* FishingIntelligence.app */;
			productType = "com.apple.product-type.application";
		};
		A1000000000000000000000F /* FishingIntelligenceTests */ = {
			isa = PBXNativeTarget;
			buildConfigurationList = A10000000000000000000010 /* Build configuration list for PBXNativeTarget "FishingIntelligenceTests" */;
			buildPhases = (
				A10000000000000000000011 /* Sources */,
				A10000000000000000000008 /* Frameworks */,
				A10000000000000000000012 /* Resources */,
			);
			buildRules = ();
			dependencies = (A10000000000000000000013 /* PBXTargetDependency */, );
			fileSystemSynchronizedGroups = (A10000000000000000000006 /* FishingIntelligenceTests */, );
			name = FishingIntelligenceTests;
			productName = FishingIntelligenceTests;
			productReference = A10000000000000000000004 /* FishingIntelligenceTests.xctest */;
			productType = "com.apple.product-type.bundle.unit-test";
		};
/* End PBXNativeTarget section */

/* Begin PBXProject section */
		A10000000000000000000014 /* Project object */ = {
			isa = PBXProject;
			attributes = {
				BuildIndependentTargetsInParallel = 1;
				LastSwiftUpdateCheck = 2630;
				LastUpgradeCheck = 2630;
				TargetAttributes = {
					A1000000000000000000000B = { CreatedOnToolsVersion = 26.3; };
					A1000000000000000000000F = { CreatedOnToolsVersion = 26.3; TestTargetID = A1000000000000000000000B; };
				};
			};
			buildConfigurationList = A10000000000000000000015 /* Build configuration list for PBXProject "FishingIntelligence" */;
			developmentRegion = en;
			hasScannedForEncodings = 0;
			knownRegions = (en, Base, );
			mainGroup = A10000000000000000000009;
			minimizedProjectReferenceProxies = 1;
			packageReferences = (A10000000000000000000016 /* XCRemoteSwiftPackageReference "supabase-swift" */, );
			preferredProjectObjectVersion = 77;
			productRefGroup = A1000000000000000000000A /* Products */;
			projectDirPath = "";
			projectRoot = "";
			targets = (A1000000000000000000000B /* FishingIntelligence */, A1000000000000000000000F /* FishingIntelligenceTests */, );
		};
/* End PBXProject section */

/* Begin PBXResourcesBuildPhase section */
		A1000000000000000000000E /* Resources */ = {isa = PBXResourcesBuildPhase; buildActionMask = 2147483647; files = (); runOnlyForDeploymentPostprocessing = 0; };
		A10000000000000000000012 /* Resources */ = {isa = PBXResourcesBuildPhase; buildActionMask = 2147483647; files = (); runOnlyForDeploymentPostprocessing = 0; };
/* End PBXResourcesBuildPhase section */

/* Begin PBXSourcesBuildPhase section */
		A1000000000000000000000D /* Sources */ = {isa = PBXSourcesBuildPhase; buildActionMask = 2147483647; files = (); runOnlyForDeploymentPostprocessing = 0; };
		A10000000000000000000011 /* Sources */ = {isa = PBXSourcesBuildPhase; buildActionMask = 2147483647; files = (); runOnlyForDeploymentPostprocessing = 0; };
/* End PBXSourcesBuildPhase section */

/* Begin PBXTargetDependency section */
		A10000000000000000000013 /* PBXTargetDependency */ = {isa = PBXTargetDependency; target = A1000000000000000000000B /* FishingIntelligence */; targetProxy = A10000000000000000000017 /* PBXContainerItemProxy */; };
/* End PBXTargetDependency section */

/* Begin PBXContainerItemProxy section */
		A10000000000000000000017 /* PBXContainerItemProxy */ = {
			isa = PBXContainerItemProxy;
			containerPortal = A10000000000000000000014 /* Project object */;
			proxyType = 1;
			remoteGlobalIDString = A1000000000000000000000B;
			remoteInfo = FishingIntelligence;
		};
/* End PBXContainerItemProxy section */

/* Begin XCBuildConfiguration section */
		A10000000000000000000018 /* Debug */ = {
			isa = XCBuildConfiguration;
			buildSettings = {
				ALWAYS_SEARCH_USER_PATHS = NO;
				ASSETCATALOG_COMPILER_GENERATE_SWIFT_ASSET_SYMBOL_EXTENSIONS = YES;
				CLANG_ANALYZER_NONNULL = YES;
				CLANG_ENABLE_MODULES = YES;
				CLANG_ENABLE_OBJC_ARC = YES;
				DEBUG_INFORMATION_FORMAT = dwarf;
				ENABLE_TESTABILITY = YES;
				GCC_C_LANGUAGE_STANDARD = gnu17;
				GCC_NO_COMMON_BLOCKS = YES;
				GCC_OPTIMIZATION_LEVEL = 0;
				IPHONEOS_DEPLOYMENT_TARGET = 17.0;
				ONLY_ACTIVE_ARCH = YES;
				SDKROOT = iphoneos;
				SWIFT_ACTIVE_COMPILATION_CONDITIONS = "DEBUG $(inherited)";
				SWIFT_OPTIMIZATION_LEVEL = "-Onone";
			};
			name = Debug;
		};
		A10000000000000000000019 /* Release */ = {
			isa = XCBuildConfiguration;
			buildSettings = {
				ALWAYS_SEARCH_USER_PATHS = NO;
				ASSETCATALOG_COMPILER_GENERATE_SWIFT_ASSET_SYMBOL_EXTENSIONS = YES;
				CLANG_ANALYZER_NONNULL = YES;
				CLANG_ENABLE_MODULES = YES;
				CLANG_ENABLE_OBJC_ARC = YES;
				DEBUG_INFORMATION_FORMAT = "dwarf-with-dsym";
				ENABLE_NS_ASSERTIONS = NO;
				GCC_C_LANGUAGE_STANDARD = gnu17;
				GCC_NO_COMMON_BLOCKS = YES;
				IPHONEOS_DEPLOYMENT_TARGET = 17.0;
				SDKROOT = iphoneos;
				SWIFT_COMPILATION_MODE = wholemodule;
				VALIDATE_PRODUCT = YES;
			};
			name = Release;
		};
		A1000000000000000000001A /* Debug */ = {
			isa = XCBuildConfiguration;
			buildSettings = {
				ASSETCATALOG_COMPILER_APPICON_NAME = AppIcon;
				ASSETCATALOG_COMPILER_GLOBAL_ACCENT_COLOR_NAME = AccentColor;
				CODE_SIGN_STYLE = Automatic;
				CURRENT_PROJECT_VERSION = 1;
				DEVELOPMENT_ASSET_PATHS = "";
				ENABLE_PREVIEWS = YES;
				GENERATE_INFOPLIST_FILE = NO;
				INFOPLIST_FILE = Info.plist;
				LD_RUNPATH_SEARCH_PATHS = "$(inherited) @executable_path/Frameworks";
				MARKETING_VERSION = 0.1.0;
				PRODUCT_BUNDLE_IDENTIFIER = com.terryrl.FishingIntelligence;
				PRODUCT_NAME = "$(TARGET_NAME)";
				SUPPORTED_PLATFORMS = "iphoneos iphonesimulator";
				SWIFT_EMIT_LOC_STRINGS = YES;
				SWIFT_STRICT_CONCURRENCY = targeted;
				SWIFT_VERSION = 6.0;
				TARGETED_DEVICE_FAMILY = 1;
			};
			name = Debug;
		};
		A1000000000000000000001B /* Release */ = {
			isa = XCBuildConfiguration;
			buildSettings = {
				ASSETCATALOG_COMPILER_APPICON_NAME = AppIcon;
				ASSETCATALOG_COMPILER_GLOBAL_ACCENT_COLOR_NAME = AccentColor;
				CODE_SIGN_STYLE = Automatic;
				CURRENT_PROJECT_VERSION = 1;
				GENERATE_INFOPLIST_FILE = NO;
				INFOPLIST_FILE = Info.plist;
				LD_RUNPATH_SEARCH_PATHS = "$(inherited) @executable_path/Frameworks";
				MARKETING_VERSION = 0.1.0;
				PRODUCT_BUNDLE_IDENTIFIER = com.terryrl.FishingIntelligence;
				PRODUCT_NAME = "$(TARGET_NAME)";
				SUPPORTED_PLATFORMS = "iphoneos iphonesimulator";
				SWIFT_EMIT_LOC_STRINGS = YES;
				SWIFT_STRICT_CONCURRENCY = targeted;
				SWIFT_VERSION = 6.0;
				TARGETED_DEVICE_FAMILY = 1;
			};
			name = Release;
		};
		A1000000000000000000001C /* Debug */ = {
			isa = XCBuildConfiguration;
			buildSettings = {
				BUNDLE_LOADER = "$(TEST_HOST)";
				CODE_SIGN_STYLE = Automatic;
				GENERATE_INFOPLIST_FILE = YES;
				PRODUCT_BUNDLE_IDENTIFIER = com.terryrl.FishingIntelligenceTests;
				PRODUCT_NAME = "$(TARGET_NAME)";
				SWIFT_STRICT_CONCURRENCY = targeted;
				SWIFT_VERSION = 6.0;
				TARGETED_DEVICE_FAMILY = 1;
				TEST_HOST = "$(BUILT_PRODUCTS_DIR)/FishingIntelligence.app/$(BUNDLE_EXECUTABLE_FOLDER_PATH)/FishingIntelligence";
			};
			name = Debug;
		};
		A1000000000000000000001D /* Release */ = {
			isa = XCBuildConfiguration;
			buildSettings = {
				BUNDLE_LOADER = "$(TEST_HOST)";
				CODE_SIGN_STYLE = Automatic;
				GENERATE_INFOPLIST_FILE = YES;
				PRODUCT_BUNDLE_IDENTIFIER = com.terryrl.FishingIntelligenceTests;
				PRODUCT_NAME = "$(TARGET_NAME)";
				SWIFT_STRICT_CONCURRENCY = targeted;
				SWIFT_VERSION = 6.0;
				TARGETED_DEVICE_FAMILY = 1;
				TEST_HOST = "$(BUILT_PRODUCTS_DIR)/FishingIntelligence.app/$(BUNDLE_EXECUTABLE_FOLDER_PATH)/FishingIntelligence";
			};
			name = Release;
		};
/* End XCBuildConfiguration section */

/* Begin XCConfigurationList section */
		A10000000000000000000015 /* Build configuration list for PBXProject "FishingIntelligence" */ = {isa = XCConfigurationList; buildConfigurations = (A10000000000000000000018 /* Debug */, A10000000000000000000019 /* Release */, ); defaultConfigurationIsVisible = 0; defaultConfigurationName = Release; };
		A1000000000000000000000C /* Build configuration list for PBXNativeTarget "FishingIntelligence" */ = {isa = XCConfigurationList; buildConfigurations = (A1000000000000000000001A /* Debug */, A1000000000000000000001B /* Release */, ); defaultConfigurationIsVisible = 0; defaultConfigurationName = Release; };
		A10000000000000000000010 /* Build configuration list for PBXNativeTarget "FishingIntelligenceTests" */ = {isa = XCConfigurationList; buildConfigurations = (A1000000000000000000001C /* Debug */, A1000000000000000000001D /* Release */, ); defaultConfigurationIsVisible = 0; defaultConfigurationName = Release; };
/* End XCConfigurationList section */

/* Begin XCRemoteSwiftPackageReference section */
		A10000000000000000000016 /* XCRemoteSwiftPackageReference "supabase-swift" */ = {
			isa = XCRemoteSwiftPackageReference;
			repositoryURL = "https://github.com/supabase/supabase-swift.git";
			requirement = {kind = upToNextMajorVersion; minimumVersion = 2.46.0; };
		};
/* End XCRemoteSwiftPackageReference section */

/* Begin XCSwiftPackageProductDependency section */
		A10000000000000000000002 /* Supabase */ = {isa = XCSwiftPackageProductDependency; package = A10000000000000000000016 /* XCRemoteSwiftPackageReference "supabase-swift" */; productName = Supabase; };
/* End XCSwiftPackageProductDependency section */
	};
	rootObject = A10000000000000000000014 /* Project object */;
}
